
Microsoft Visual Studio Solution File, Format Version 12.00
# Visual Studio Version 17
VisualStudioVersion = 17.0.31903.59
MinimumVisualStudioVersion = 10.0.40219.1
Project("{2150E333-8FDC-42A3-9474-1A3956D46DE8}") = "src", "src", "{827E0CD3-B72D-47B6-A68D-7590B98EB39B}"
EndProject
Project("{2150E333-8FDC-42A3-9474-1A3956D46DE8}") = "01_Threads", "01_Threads", "{8A046D42-3260-8CA8-2ECF-692824CB1A31}"
EndProject
Project("{FAE04EC0-301F-11D3-BF4B-00C04F79EFBC}") = "ThreadExample", "src\01_Threads\ThreadExample\ThreadExample.csproj", "{1156DC1C-76E0-4432-B47F-15154D1B3330}"
EndProject
Project("{FAE04EC0-301F-11D3-BF4B-00C04F79EFBC}") = "ThreadPoolExample", "src\01_Threads\ThreadPoolExample\ThreadPoolExample.csproj", "{BC8EAAAE-FD1E-4731-88AA-133048D69A10}"
EndProject
Project("{2150E333-8FDC-42A3-9474-1A3956D46DE8}") = "02_AsyncProgramming", "02_AsyncProgramming", "{EA89A285-42BD-C54A-D203-47C040906023}"
EndProject
Project("{FAE04EC0-301F-11D3-BF4B-00C04F79EFBC}") = "AsyncAwaitExample", "src\02_AsyncProgramming\AsyncAwaitExample\AsyncAwaitExample.csproj", "{CD77FB57-BE77-47E2-87B5-012C1910EA74}"
EndProject
Project("{FAE04EC0-301F-11D3-BF4B-00C04F79EFBC}") = "CancellationTokenExample", "src\02_AsyncProgramming\CancellationTokenExample\CancellationTokenExample.csproj", "{EC21B48C-2A57-4D05-9321-58880CC79B45}"
EndProject
Project("{FAE04EC0-301F-11D3-BF4B-00C04F79EFBC}") = "ProgressExample", "src\02_AsyncProgramming\ProgressExample\ProgressExample.csproj", "{D45FC214-0CD1-4823-82A8-1402150A91FD}"
EndProject
Project("{FAE04EC0-301F-11D3-BF4B-00C04F79EFBC}") = "ConfigureAwaitExample", "src\02_AsyncProgramming\ConfigureAwaitExample\ConfigureAwaitExample.csproj", "{DFADAC7B-ED9C-40D2-875C-89BAA9BA59C4}"
EndProject
Project("{FAE04EC0-301F-11D3-BF4B-00C04F79EFBC}") = "ValueTaskExample", "src\02_AsyncProgramming\ValueTaskExample\ValueTaskExample.csproj", "{615A9578-F1F2-42F9-95A2-CD7D51D275D7}"
EndProject
Project("{FAE04EC0-301F-11D3-BF4B-00C04F79EFBC}") = "AsyncEnumerableExample", "src\02_AsyncProgramming\AsyncEnumerableExample\AsyncEnumerableExample.csproj", "{847811E4-A540-4C14-87F3-862AFE054C6D}"
EndProject
Project("{FAE04EC0-301F-11D3-BF4B-00C04F79EFBC}") = "AsyncLazyExample", "src\02_AsyncProgramming\AsyncLazyExample\AsyncLazyExample.csproj", "{16B6310D-D198-4469-9A0B-9CE19A4D9302}"
EndProject
Project("{2150E333-8FDC-42A3-9474-1A3956D46DE8}") = "03_ConcurrentCollections", "03_ConcurrentCollections", "{BF7FE6C6-4767-5944-8463-05D70A6837AB}"
EndProject
Project("{FAE04EC0-301F-11D3-BF4B-00C04F79EFBC}") = "ConcurrentDictionaryExample", "src\03_ConcurrentCollections\ConcurrentDictionaryExample\ConcurrentDictionaryExample.csproj", "{0DEF6531-5F90-4BB4-A5CE-0E2A18695BDB}"
EndProject
Project("{FAE04EC0-301F-11D3-BF4B-00C04F79EFBC}") = "ConcurrentQueueExample", "src\03_ConcurrentCollections\ConcurrentQueueExample\ConcurrentQueueExample.csproj", "{B4318F68-65A5-4F95-8328-CFA24346A804}"
EndProject
Project("{FAE04EC0-301F-11D3-BF4B-00C04F79EFBC}") = "ConcurrentBagExample", "src\03_ConcurrentCollections\ConcurrentBagExample\ConcurrentBagExample.csproj", "{593408D3-8386-4001-9EF0-F32208CA73CB}"
EndProject
Project("{FAE04EC0-301F-11D3-BF4B-00C04F79EFBC}") = "BlockingCollectionExample", "src\03_ConcurrentCollections\BlockingCollectionExample\BlockingCollectionExample.csproj", "{26C99960-4E77-49A4-9AF5-9912993A3795}"
EndProject
Project("{2150E333-8FDC-42A3-9474-1A3956D46DE8}") = "04_Synchronization", "04_Synchronization", "{37C4E826-A03A-E182-5C88-B2E6CB82960B}"
EndProject
Project("{FAE04EC0-301F-11D3-BF4B-00C04F79EFBC}") = "LockExample", "src\04_Synchronization\LockExample\LockExample.csproj", "{71983FDB-7F6F-4F3D-B224-7D0AD94A8520}"
EndProject
Project("{FAE04EC0-301F-11D3-BF4B-00C04F79EFBC}") = "MonitorExample", "src\04_Synchronization\MonitorExample\MonitorExample.csproj", "{1E7FE3FC-6777-4F32-B1F9-34ABF7EE4B25}"
EndProject
Project("{FAE04EC0-301F-11D3-BF4B-00C04F79EFBC}") = "MutexExample", "src\04_Synchronization\MutexExample\MutexExample.csproj", "{7818DB91-94C7-4759-BEA3-17E0CF968E3D}"
EndProject
Project("{FAE04EC0-301F-11D3-BF4B-00C04F79EFBC}") = "SemaphoreExample", "src\04_Synchronization\SemaphoreExample\SemaphoreExample.csproj", "{099F14B9-BF1A-40A7-B813-F07B0A66932A}"
EndProject
Project("{FAE04EC0-301F-11D3-BF4B-00C04F79EFBC}") = "AutoResetEventExample", "src\04_Synchronization\AutoResetEventExample\AutoResetEventExample.csproj", "{85563D13-532D-46FA-ABA6-F38EC7B83843}"
EndProject
Project("{FAE04EC0-301F-11D3-BF4B-00C04F79EFBC}") = "CountdownEventExample", "src\04_Synchronization\CountdownEventExample\CountdownEventExample.csproj", "{F5A347CD-21C8-4981-94FD-3692B7A63AB1}"
EndProject
Project("{FAE04EC0-301F-11D3-BF4B-00C04F79EFBC}") = "BarrierExample", "src\04_Synchronization\BarrierExample\BarrierExample.csproj", "{EA33D68F-CB25-4271-B65B-3D5A3E8A057C}"
EndProject
Project("{2150E333-8FDC-42A3-9474-1A3956D46DE8}") = "05_Channels", "05_Channels", "{0011A916-81A5-4E7A-5E1B-8F4704F4CBAC}"
EndProject
Project("{FAE04EC0-301F-11D3-BF4B-00C04F79EFBC}") = "ChannelSimpleWrite", "src\05_Channels\ChannelSimpleWrite\ChannelSimpleWrite.csproj", "{7C707B4B-950A-4BB6-9A0A-90C492556575}"
EndProject
Project("{FAE04EC0-301F-11D3-BF4B-00C04F79EFBC}") = "ChannelProducerConsumer", "src\05_Channels\ChannelProducerConsumer\ChannelProducerConsumer.csproj", "{6839923F-E3F6-4BA3-AF2A-35E518115C05}"
EndProject
Project("{FAE04EC0-301F-11D3-BF4B-00C04F79EFBC}") = "BoundedChannelExample", "src\05_Channels\BoundedChannelExample\BoundedChannelExample.csproj", "{9769B90F-7FA8-483B-8961-E47E3D41CD24}"
EndProject
Project("{FAE04EC0-301F-11D3-BF4B-00C04F79EFBC}") = "ChannelReaderFactory", "src\05_Channels\ChannelReaderFactory\ChannelReaderFactory.csproj", "{89794949-8D9E-4B7D-9F3D-E07201F7DC64}"
EndProject
Project("{2150E333-8FDC-42A3-9474-1A3956D46DE8}") = "06_ParallelProcessing", "06_ParallelProcessing", "{59375C94-34A6-D073-8B02-7BB256F77BD5}"
EndProject
Project("{FAE04EC0-301F-11D3-BF4B-00C04F79EFBC}") = "ParallelForExample", "src\06_ParallelProcessing\ParallelForExample\ParallelForExample.csproj", "{266E25BD-085C-48DC-B037-92EBFF4623CF}"
EndProject
Project("{FAE04EC0-301F-11D3-BF4B-00C04F79EFBC}") = "ParallelForEachExample", "src\06_ParallelProcessing\ParallelForEachExample\ParallelForEachExample.csproj", "{E670C567-66AF-43B6-A881-50D6FBD2E95A}"
EndProject
Project("{FAE04EC0-301F-11D3-BF4B-00C04F79EFBC}") = "ParallelInvokeExample", "src\06_ParallelProcessing\ParallelInvokeExample\ParallelInvokeExample.csproj", "{3B84EE83-AECA-4498-A0E0-5F8760BF4118}"
EndProject
Project("{FAE04EC0-301F-11D3-BF4B-00C04F79EFBC}") = "PLinqExample", "src\06_ParallelProcessing\PLinqExample\PLinqExample.csproj", "{E1E99CE2-DD19-4CE9-A884-31F6537473B6}"
EndProject
Project("{2150E333-8FDC-42A3-9474-1A3956D46DE8}") = "07_AspNetMultithreading", "07_AspNetMultithreading", "{D8A1C966-6DFF-4EC9-A45D-883350195242}"
EndProject
Project("{FAE04EC0-301F-11D3-BF4B-00C04F79EFBC}") = "HostedServiceExample", "src\07_AspNetMultithreading\HostedServiceExample\HostedServiceExample.csproj", "{B6C96C70-6E17-496A-9FDE-743AB839D0B0}"
EndProject
Project("{FAE04EC0-301F-11D3-BF4B-00C04F79EFBC}") = "BackgroundServiceExample", "src\07_AspNetMultithreading\BackgroundServiceExample\BackgroundServiceExample.csproj", "{A7955FD7-7A5D-4E4E-AD28-04ED57D89C9D}"
EndProject
Project("{FAE04EC0-301F-11D3-BF4B-00C04F79EFBC}") = "AsyncDisposableExample", "src\07_AspNetMultithreading\AsyncDisposableExample\AsyncDisposableExample.csproj", "{B1840735-A0AE-45FA-815A-F172CCD00AE6}"
EndProject
Project("{2150E333-8FDC-42A3-9474-1A3956D46DE8}") = "08_WinFormsMultithreading", "08_WinFormsMultithreading", "{38B82DB1-660F-6646-F354-9E3192868169}"
EndProject
Project("{FAE04EC0-301F-11D3-BF4B-00C04F79EFBC}") = "BackgroundWorkerExample", "src\08_WinFormsMultithreading\BackgroundWorkerExample\BackgroundWorkerExample.csproj", "{F2FA5B84-F95F-491C-B24F-4376BAE2C5EE}"
EndProject
Project("{FAE04EC0-301F-11D3-BF4B-00C04F79EFBC}") = "InvokeExample", "src\08_WinFormsMultithreading\InvokeExample\InvokeExample.csproj", "{6B7B484B-9E14-430B-8C7D-D225E0C2F45F}"
EndProject
Project("{2150E333-8FDC-42A3-9474-1A3956D46DE8}") = "09_WpfMultithreading", "09_WpfMultithreading", "{0FF2C990-3B4A-4DAF-AF97-9E80BE0D0306}"
EndProject
Project("{FAE04EC0-301F-11D3-BF4B-00C04F79EFBC}") = "DispatcherExample", "src\09_WpfMultithreading\DispatcherExample\DispatcherExample.csproj", "{84D36A52-7FEE-4064-B4C1-8FD75A24465A}"
EndProject
Project("{FAE04EC0-301F-11D3-BF4B-00C04F79EFBC}") = "BackgroundWorkerExample", "src\09_WpfMultithreading\BackgroundWorkerExample\BackgroundWorkerExample.csproj", "{71FB5524-46AE-4269-8148-4F8461CDF079}"
EndProject
Project("{FAE04EC0-301F-11D3-BF4B-00C04F79EFBC}") = "AsyncAwaitExample", "src\09_WpfMultithreading\AsyncAwaitExample\AsyncAwaitExample.csproj", "{3409F00F-D501-4A26-878A-F32CC5819FF0}"
EndProject
Project("{FAE04EC0-301F-11D3-BF4B-00C04F79EFBC}") = "ConcurrentCollectionExample", "src\09_WpfMultithreading\ConcurrentCollectionExample\ConcurrentCollectionExample.csproj", "{AE5EEE79-2E3C-4F10-883B-CFF83C8DCB2C}"
EndProject
Project("{2150E333-8FDC-42A3-9474-1A3956D46DE8}") = "10_ThreadSafety", "10_ThreadSafety", "{499976C8-A871-00E7-8662-CE86916F7D07}"
EndProject
Project("{FAE04EC0-301F-11D3-BF4B-00C04F79EFBC}") = "DesignPrinciplesExample", "src\10_ThreadSafety\DesignPrinciplesExample\DesignPrinciplesExample.csproj", "{A2E7EB6D-D441-4C30-856A-7C18F3AC6BF7}"
EndProject
Project("{FAE04EC0-301F-11D3-BF4B-00C04F79EFBC}") = "ImmutableObjectExample", "src\10_ThreadSafety\ImmutableObjectExample\ImmutableObjectExample.csproj", "{5347F8A9-0FBD-42F6-A448-755E3E47C037}"
EndProject
Project("{FAE04EC0-301F-11D3-BF4B-00C04F79EFBC}") = "PeriodicTimerExample", "src\02_AsyncProgramming\PeriodicTimerExample\PeriodicTimerExample.csproj", "{0206EBA2-6477-4BD3-A9DC-C6C8357021CB}"
EndProject
Project("{FAE04EC0-301F-11D3-BF4B-00C04F79EFBC}") = "ManualResetEventExample", "src\04_Synchronization\ManualResetEventExample\ManualResetEventExample.csproj", "{3FEFCA64-4F74-45BB-899F-ADCF8FCBD24B}"
EndProject
Global
	GlobalSection(SolutionConfigurationPlatforms) = preSolution
		Debug|Any CPU = Debug|Any CPU
		Debug|x64 = Debug|x64
		Debug|x86 = Debug|x86
		Release|Any CPU = Release|Any CPU
		Release|x64 = Release|x64
		Release|x86 = Release|x86
	EndGlobalSection
	GlobalSection(ProjectConfigurationPlatforms) = postSolution
		{1156DC1C-76E0-4432-B47F-15154D1B3330}.Debug|Any CPU.ActiveCfg = Debug|Any CPU
		{1156DC1C-76E0-4432-B47F-15154D1B3330}.Debug|Any CPU.Build.0 = Debug|Any CPU
		{1156DC1C-76E0-4432-B47F-15154D1B3330}.Debug|x64.ActiveCfg = Debug|Any CPU
		{1156DC1C-76E0-4432-B47F-15154D1B3330}.Debug|x64.Build.0 = Debug|Any CPU
		{1156DC1C-76E0-4432-B47F-15154D1B3330}.Debug|x86.ActiveCfg = Debug|Any CPU
		{1156DC1C-76E0-4432-B47F-15154D1B3330}.Debug|x86.Build.0 = Debug|Any CPU
		{1156DC1C-76E0-4432-B47F-15154D1B3330}.Release|Any CPU.ActiveCfg = Release|Any CPU
		{1156DC1C-76E0-4432-B47F-15154D1B3330}.Release|Any CPU.Build.0 = Release|Any CPU
		{1156DC1C-76E0-4432-B47F-15154D1B3330}.Release|x64.ActiveCfg = Release|Any CPU
		{1156DC1C-76E0-4432-B47F-15154D1B3330}.Release|x64.Build.0 = Release|Any CPU
		{1156DC1C-76E0-4432-B47F-15154D1B3330}.Release|x86.ActiveCfg = Release|Any CPU
		{1156DC1C-76E0-4432-B47F-15154D1B3330}.Release|x86.Build.0 = Release|Any CPU
		{BC8EAAAE-FD1E-4731-88AA-133048D69A10}.Debug|Any CPU.ActiveCfg = Debug|Any CPU
		{BC8EAAAE-FD1E-4731-88AA-133048D69A10}.Debug|Any CPU.Build.0 = Debug|Any CPU
		{BC8EAAAE-FD1E-4731-88AA-133048D69A10}.Debug|x64.ActiveCfg = Debug|Any CPU
		{BC8EAAAE-FD1E-4731-88AA-133048D69A10}.Debug|x64.Build.0 = Debug|Any CPU
		{BC8EAAAE-FD1E-4731-88AA-133048D69A10}.Debug|x86.ActiveCfg = Debug|Any CPU
		{BC8EAAAE-FD1E-4731-88AA-133048D69A10}.Debug|x86.Build.0 = Debug|Any CPU
		{BC8EAAAE-FD1E-4731-88AA-133048D69A10}.Release|Any CPU.ActiveCfg = Release|Any CPU
		{BC8EAAAE-FD1E-4731-88AA-133048D69A10}.Release|Any CPU.Build.0 = Release|Any CPU
		{BC8EAAAE-FD1E-4731-88AA-133048D69A10}.Release|x64.ActiveCfg = Release|Any CPU
		{BC8EAAAE-FD1E-4731-88AA-133048D69A10}.Release|x64.Build.0 = Release|Any CPU
		{BC8EAAAE-FD1E-4731-88AA-133048D69A10}.Release|x86.ActiveCfg = Release|Any CPU
		{BC8EAAAE-FD1E-4731-88AA-133048D69A10}.Release|x86.Build.0 = Release|Any CPU
		{CD77FB57-BE77-47E2-87B5-012C1910EA74}.Debug|Any CPU.ActiveCfg = Debug|Any CPU
		{CD77FB57-BE77-47E2-87B5-012C1910EA74}.Debug|Any CPU.Build.0 = Debug|Any CPU
		{CD77FB57-BE77-47E2-87B5-012C1910EA74}.Debug|x64.ActiveCfg = Debug|Any CPU
		{CD77FB57-BE77-47E2-87B5-012C1910EA74}.Debug|x64.Build.0 = Debug|Any CPU
		{CD77FB57-BE77-47E2-87B5-012C1910EA74}.Debug|x86.ActiveCfg = Debug|Any CPU
		{CD77FB57-BE77-47E2-87B5-012C1910EA74}.Debug|x86.Build.0 = Debug|Any CPU
		{CD77FB57-BE77-47E2-87B5-012C1910EA74}.Release|Any CPU.ActiveCfg = Release|Any CPU
		{CD77FB57-BE77-47E2-87B5-012C1910EA74}.Release|Any CPU.Build.0 = Release|Any CPU
		{CD77FB57-BE77-47E2-87B5-012C1910EA74}.Release|x64.ActiveCfg = Release|Any CPU
		{CD77FB57-BE77-47E2-87B5-012C1910EA74}.Release|x64.Build.0 = Release|Any CPU
		{CD77FB57-BE77-47E2-87B5-012C1910EA74}.Release|x86.ActiveCfg = Release|Any CPU
		{CD77FB57-BE77-47E2-87B5-012C1910EA74}.Release|x86.Build.0 = Release|Any CPU
		{EC21B48C-2A57-4D05-9321-58880CC79B45}.Debug|Any CPU.ActiveCfg = Debug|Any CPU
		{EC21B48C-2A57-4D05-9321-58880CC79B45}.Debug|Any CPU.Build.0 = Debug|Any CPU
		{EC21B48C-2A57-4D05-9321-58880CC79B45}.Debug|x64.ActiveCfg = Debug|Any CPU
		{EC21B48C-2A57-4D05-9321-58880CC79B45}.Debug|x64.Build.0 = Debug|Any CPU
		{EC21B48C-2A57-4D05-9321-58880CC79B45}.Debug|x86.ActiveCfg = Debug|Any CPU
		{EC21B48C-2A57-4D05-9321-58880CC79B45}.Debug|x86.Build.0 = Debug|Any CPU
		{EC21B48C-2A57-4D05-9321-58880CC79B45}.Release|Any CPU.ActiveCfg = Release|Any CPU
		{EC21B48C-2A57-4D05-9321-58880CC79B45}.Release|Any CPU.Build.0 = Release|Any CPU
		{EC21B48C-2A57-4D05-9321-58880CC79B45}.Release|x64.ActiveCfg = Release|Any CPU
		{EC21B48C-2A57-4D05-9321-58880CC79B45}.Release|x64.Build.0 = Release|Any CPU
		{EC21B48C-2A57-4D05-9321-58880CC79B45}.Release|x86.ActiveCfg = Release|Any CPU
		{EC21B48C-2A57-4D05-9321-58880CC79B45}.Release|x86.Build.0 = Release|Any CPU
		{D45FC214-0CD1-4823-82A8-1402150A91FD}.Debug|Any CPU.ActiveCfg = Debug|Any CPU
		{D45FC214-0CD1-4823-82A8-1402150A91FD}.Debug|Any CPU.Build.0 = Debug|Any CPU
		{D45FC214-0CD1-4823-82A8-1402150A91FD}.Debug|x64.ActiveCfg = Debug|Any CPU
		{D45FC214-0CD1-4823-82A8-1402150A91FD}.Debug|x64.Build.0 = Debug|Any CPU
		{D45FC214-0CD1-4823-82A8-1402150A91FD}.Debug|x86.ActiveCfg = Debug|Any CPU
		{D45FC214-0CD1-4823-82A8-1402150A91FD}.Debug|x86.Build.0 = Debug|Any CPU
		{D45FC214-0CD1-4823-82A8-1402150A91FD}.Release|Any CPU.ActiveCfg = Release|Any CPU
		{D45FC214-0CD1-4823-82A8-1402150A91FD}.Release|Any CPU.Build.0 = Release|Any CPU
		{D45FC214-0CD1-4823-82A8-1402150A91FD}.Release|x64.ActiveCfg = Release|Any CPU
		{D45FC214-0CD1-4823-82A8-1402150A91FD}.Release|x64.Build.0 = Release|Any CPU
		{D45FC214-0CD1-4823-82A8-1402150A91FD}.Release|x86.ActiveCfg = Release|Any CPU
		{D45FC214-0CD1-4823-82A8-1402150A91FD}.Release|x86.Build.0 = Release|Any CPU
		{DFADAC7B-ED9C-40D2-875C-89BAA9BA59C4}.Debug|Any CPU.ActiveCfg = Debug|Any CPU
		{DFADAC7B-ED9C-40D2-875C-89BAA9BA59C4}.Debug|Any CPU.Build.0 = Debug|Any CPU
		{DFADAC7B-ED9C-40D2-875C-89BAA9BA59C4}.Debug|x64.ActiveCfg = Debug|Any CPU
		{DFADAC7B-ED9C-40D2-875C-89BAA9BA59C4}.Debug|x64.Build.0 = Debug|Any CPU
		{DFADAC7B-ED9C-40D2-875C-89BAA9BA59C4}.Debug|x86.ActiveCfg = Debug|Any CPU
		{DFADAC7B-ED9C-40D2-875C-89BAA9BA59C4}.Debug|x86.Build.0 = Debug|Any CPU
		{DFADAC7B-ED9C-40D2-875C-89BAA9BA59C4}.Release|Any CPU.ActiveCfg = Release|Any CPU
		{DFADAC7B-ED9C-40D2-875C-89BAA9BA59C4}.Release|Any CPU.Build.0 = Release|Any CPU
		{DFADAC7B-ED9C-40D2-875C-89BAA9BA59C4}.Release|x64.ActiveCfg = Release|Any CPU
		{DFADAC7B-ED9C-40D2-875C-89BAA9BA59C4}.Release|x64.Build.0 = Release|Any CPU
		{DFADAC7B-ED9C-40D2-875C-89BAA9BA59C4}.Release|x86.ActiveCfg = Release|Any CPU
		{DFADAC7B-ED9C-40D2-875C-89BAA9BA59C4}.Release|x86.Build.0 = Release|Any CPU
		{615A9578-F1F2-42F9-95A2-CD7D51D275D7}.Debug|Any CPU.ActiveCfg = Debug|Any CPU
		{615A9578-F1F2-42F9-95A2-CD7D51D275D7}.Debug|Any CPU.Build.0 = Debug|Any CPU
		{615A9578-F1F2-42F9-95A2-CD7D51D275D7}.Debug|x64.ActiveCfg = Debug|Any CPU
		{615A9578-F1F2-42F9-95A2-CD7D51D275D7}.Debug|x64.Build.0 = Debug|Any CPU
		{615A9578-F1F2-42F9-95A2-CD7D51D275D7}.Debug|x86.ActiveCfg = Debug|Any CPU
		{615A9578-F1F2-42F9-95A2-CD7D51D275D7}.Debug|x86.Build.0 = Debug|Any CPU
		{615A9578-F1F2-42F9-95A2-CD7D51D275D7}.Release|Any CPU.ActiveCfg = Release|Any CPU
		{615A9578-F1F2-42F9-95A2-CD7D51D275D7}.Release|Any CPU.Build.0 = Release|Any CPU
		{615A9578-F1F2-42F9-95A2-CD7D51D275D7}.Release|x64.ActiveCfg = Release|Any CPU
		{615A9578-F1F2-42F9-95A2-CD7D51D275D7}.Release|x64.Build.0 = Release|Any CPU
		{615A9578-F1F2-42F9-95A2-CD7D51D275D7}.Release|x86.ActiveCfg = Release|Any CPU
		{615A9578-F1F2-42F9-95A2-CD7D51D275D7}.Release|x86.Build.0 = Release|Any CPU
		{847811E4-A540-4C14-87F3-862AFE054C6D}.Debug|Any CPU.ActiveCfg = Debug|Any CPU
		{847811E4-A540-4C14-87F3-862AFE054C6D}.Debug|Any CPU.Build.0 = Debug|Any CPU
		{847811E4-A540-4C14-87F3-862AFE054C6D}.Debug|x64.ActiveCfg = Debug|Any CPU
		{847811E4-A540-4C14-87F3-862AFE054C6D}.Debug|x64.Build.0 = Debug|Any CPU
		{847811E4-A540-4C14-87F3-862AFE054C6D}.Debug|x86.ActiveCfg = Debug|Any CPU
		{847811E4-A540-4C14-87F3-862AFE054C6D}.Debug|x86.Build.0 = Debug|Any CPU
		{847811E4-A540-4C14-87F3-862AFE054C6D}.Release|Any CPU.ActiveCfg = Release|Any CPU
		{847811E4-A540-4C14-87F3-862AFE054C6D}.Release|Any CPU.Build.0 = Release|Any CPU
		{847811E4-A540-4C14-87F3-862AFE054C6D}.Release|x64.ActiveCfg = Release|Any CPU
		{847811E4-A540-4C14-87F3-862AFE054C6D}.Release|x64.Build.0 = Release|Any CPU
		{847811E4-A540-4C14-87F3-862AFE054C6D}.Release|x86.ActiveCfg = Release|Any CPU
		{847811E4-A540-4C14-87F3-862AFE054C6D}.Release|x86.Build.0 = Release|Any CPU
		{16B6310D-D198-4469-9A0B-9CE19A4D9302}.Debug|Any CPU.ActiveCfg = Debug|Any CPU
		{16B6310D-D198-4469-9A0B-9CE19A4D9302}.Debug|Any CPU.Build.0 = Debug|Any CPU
		{16B6310D-D198-4469-9A0B-9CE19A4D9302}.Debug|x64.ActiveCfg = Debug|Any CPU
		{16B6310D-D198-4469-9A0B-9CE19A4D9302}.Debug|x64.Build.0 = Debug|Any CPU
		{16B6310D-D198-4469-9A0B-9CE19A4D9302}.Debug|x86.ActiveCfg = Debug|Any CPU
		{16B6310D-D198-4469-9A0B-9CE19A4D9302}.Debug|x86.Build.0 = Debug|Any CPU
		{16B6310D-D198-4469-9A0B-9CE19A4D9302}.Release|Any CPU.ActiveCfg = Release|Any CPU
		{16B6310D-D198-4469-9A0B-9CE19A4D9302}.Release|Any CPU.Build.0 = Release|Any CPU
		{16B6310D-D198-4469-9A0B-9CE19A4D9302}.Release|x64.ActiveCfg = Release|Any CPU
		{16B6310D-D198-4469-9A0B-9CE19A4D9302}.Release|x64.Build.0 = Release|Any CPU
		{16B6310D-D198-4469-9A0B-9CE19A4D9302}.Release|x86.ActiveCfg = Release|Any CPU
		{16B6310D-D198-4469-9A0B-9CE19A4D9302}.Release|x86.Build.0 = Release|Any CPU
		{0DEF6531-5F90-4BB4-A5CE-0E2A18695BDB}.Debug|Any CPU.ActiveCfg = Debug|Any CPU
		{0DEF6531-5F90-4BB4-A5CE-0E2A18695BDB}.Debug|Any CPU.Build.0 = Debug|Any CPU
		{0DEF6531-5F90-4BB4-A5CE-0E2A18695BDB}.Debug|x64.ActiveCfg = Debug|Any CPU
		{0DEF6531-5F90-4BB4-A5CE-0E2A18695BDB}.Debug|x64.Build.0 = Debug|Any CPU
		{0DEF6531-5F90-4BB4-A5CE-0E2A18695BDB}.Debug|x86.ActiveCfg = Debug|Any CPU
		{0DEF6531-5F90-4BB4-A5CE-0E2A18695BDB}.Debug|x86.Build.0 = Debug|Any CPU
		{0DEF6531-5F90-4BB4-A5CE-0E2A18695BDB}.Release|Any CPU.ActiveCfg = Release|Any CPU
		{0DEF6531-5F90-4BB4-A5CE-0E2A18695BDB}.Release|Any CPU.Build.0 = Release|Any CPU
		{0DEF6531-5F90-4BB4-A5CE-0E2A18695BDB}.Release|x64.ActiveCfg = Release|Any CPU
		{0DEF6531-5F90-4BB4-A5CE-0E2A18695BDB}.Release|x64.Build.0 = Release|Any CPU
		{0DEF6531-5F90-4BB4-A5CE-0E2A18695BDB}.Release|x86.ActiveCfg = Release|Any CPU
		{0DEF6531-5F90-4BB4-A5CE-0E2A18695BDB}.Release|x86.Build.0 = Release|Any CPU
		{B4318F68-65A5-4F95-8328-CFA24346A804}.Debug|Any CPU.ActiveCfg = Debug|Any CPU
		{B4318F68-65A5-4F95-8328-CFA24346A804}.Debug|Any CPU.Build.0 = Debug|Any CPU
		{B4318F68-65A5-4F95-8328-CFA24346A804}.Debug|x64.ActiveCfg = Debug|Any CPU
		{B4318F68-65A5-4F95-8328-CFA24346A804}.Debug|x64.Build.0 = Debug|Any CPU
		{B4318F68-65A5-4F95-8328-CFA24346A804}.Debug|x86.ActiveCfg = Debug|Any CPU
		{B4318F68-65A5-4F95-8328-CFA24346A804}.Debug|x86.Build.0 = Debug|Any CPU
		{B4318F68-65A5-4F95-8328-CFA24346A804}.Release|Any CPU.ActiveCfg = Release|Any CPU
		{B4318F68-65A5-4F95-8328-CFA24346A804}.Release|Any CPU.Build.0 = Release|Any CPU
		{B4318F68-65A5-4F95-8328-CFA24346A804}.Release|x64.ActiveCfg = Release|Any CPU
		{B4318F68-65A5-4F95-8328-CFA24346A804}.Release|x64.Build.0 = Release|Any CPU
		{B4318F68-65A5-4F95-8328-CFA24346A804}.Release|x86.ActiveCfg = Release|Any CPU
		{B4318F68-65A5-4F95-8328-CFA24346A804}.Release|x86.Build.0 = Release|Any CPU
		{593408D3-8386-4001-9EF0-F32208CA73CB}.Debug|Any CPU.ActiveCfg = Debug|Any CPU
		{593408D3-8386-4001-9EF0-F32208CA73CB}.Debug|Any CPU.Build.0 = Debug|Any CPU
		{593408D3-8386-4001-9EF0-F32208CA73CB}.Debug|x64.ActiveCfg = Debug|Any CPU
		{593408D3-8386-4001-9EF0-F32208CA73CB}.Debug|x64.Build.0 = Debug|Any CPU
		{593408D3-8386-4001-9EF0-F32208CA73CB}.Debug|x86.ActiveCfg = Debug|Any CPU
		{593408D3-8386-4001-9EF0-F32208CA73CB}.Debug|x86.Build.0 = Debug|Any CPU
		{593408D3-8386-4001-9EF0-F32208CA73CB}.Release|Any CPU.ActiveCfg = Release|Any CPU
		{593408D3-8386-4001-9EF0-F32208CA73CB}.Release|Any CPU.Build.0 = Release|Any CPU
		{593408D3-8386-4001-9EF0-F32208CA73CB}.Release|x64.ActiveCfg = Release|Any CPU
		{593408D3-8386-4001-9EF0-F32208CA73CB}.Release|x64.Build.0 = Release|Any CPU
		{593408D3-8386-4001-9EF0-F32208CA73CB}.Release|x86.ActiveCfg = Release|Any CPU
		{593408D3-8386-4001-9EF0-F32208CA73CB}.Release|x86.Build.0 = Release|Any CPU
		{26C99960-4E77-49A4-9AF5-9912993A3795}.Debug|Any CPU.ActiveCfg = Debug|Any CPU
		{26C99960-4E77-49A4-9AF5-9912993A3795}.Debug|Any CPU.Build.0 = Debug|Any CPU
		{26C99960-4E77-49A4-9AF5-9912993A3795}.Debug|x64.ActiveCfg = Debug|Any CPU
		{26C99960-4E77-49A4-9AF5-9912993A3795}.Debug|x64.Build.0 = Debug|Any CPU
		{26C99960-4E77-49A4-9AF5-9912993A3795}.Debug|x86.ActiveCfg = Debug|Any CPU
		{26C99960-4E77-49A4-9AF5-9912993A3795}.Debug|x86.Build.0 = Debug|Any CPU
		{26C99960-4E77-49A4-9AF5-9912993A3795}.Release|Any CPU.ActiveCfg = Release|Any CPU
		{26C99960-4E77-49A4-9AF5-9912993A3795}.Release|Any CPU.Build.0 = Release|Any CPU
		{26C99960-4E77-49A4-9AF5-9912993A3795}.Release|x64.ActiveCfg = Release|Any CPU
		{26C99960-4E77-49A4-9AF5-9912993A3795}.Release|x64.Build.0 = Release|Any CPU
		{26C99960-4E77-49A4-9AF5-9912993A3795}.Release|x86.ActiveCfg = Release|Any CPU
		{26C99960-4E77-49A4-9AF5-9912993A3795}.Release|x86.Build.0 = Release|Any CPU
		{71983FDB-7F6F-4F3D-B224-7D0AD94A8520}.Debug|Any CPU.ActiveCfg = Debug|Any CPU
		{71983FDB-7F6F-4F3D-B224-7D0AD94A8520}.Debug|Any CPU.Build.0 = Debug|Any CPU
		{71983FDB-7F6F-4F3D-B224-7D0AD94A8520}.Debug|x64.ActiveCfg = Debug|Any CPU
		{71983FDB-7F6F-4F3D-B224-7D0AD94A8520}.Debug|x64.Build.0 = Debug|Any CPU
		{71983FDB-7F6F-4F3D-B224-7D0AD94A8520}.Debug|x86.ActiveCfg = Debug|Any CPU
		{71983FDB-7F6F-4F3D-B224-7D0AD94A8520}.Debug|x86.Build.0 = Debug|Any CPU
		{71983FDB-7F6F-4F3D-B224-7D0AD94A8520}.Release|Any CPU.ActiveCfg = Release|Any CPU
		{71983FDB-7F6F-4F3D-B224-7D0AD94A8520}.Release|Any CPU.Build.0 = Release|Any CPU
		{71983FDB-7F6F-4F3D-B224-7D0AD94A8520}.Release|x64.ActiveCfg = Release|Any CPU
		{71983FDB-7F6F-4F3D-B224-7D0AD94A8520}.Release|x64.Build.0 = Release|Any CPU
		{71983FDB-7F6F-4F3D-B224-7D0AD94A8520}.Release|x86.ActiveCfg = Release|Any CPU
		{71983FDB-7F6F-4F3D-B224-7D0AD94A8520}.Release|x86.Build.0 = Release|Any CPU
		{1E7FE3FC-6777-4F32-B1F9-34ABF7EE4B25}.Debug|Any CPU.ActiveCfg = Debug|Any CPU
		{1E7FE3FC-6777-4F32-B1F9-34ABF7EE4B25}.Debug|Any CPU.Build.0 = Debug|Any CPU
		{1E7FE3FC-6777-4F32-B1F9-34ABF7EE4B25}.Debug|x64.ActiveCfg = Debug|Any CPU
		{1E7FE3FC-6777-4F32-B1F9-34ABF7EE4B25}.Debug|x64.Build.0 = Debug|Any CPU
		{1E7FE3FC-6777-4F32-B1F9-34ABF7EE4B25}.Debug|x86.ActiveCfg = Debug|Any CPU
		{1E7FE3FC-6777-4F32-B1F9-34ABF7EE4B25}.Debug|x86.Build.0 = Debug|Any CPU
		{1E7FE3FC-6777-4F32-B1F9-34ABF7EE4B25}.Release|Any CPU.ActiveCfg = Release|Any CPU
		{1E7FE3FC-6777-4F32-B1F9-34ABF7EE4B25}.Release|Any CPU.Build.0 = Release|Any CPU
		{1E7FE3FC-6777-4F32-B1F9-34ABF7EE4B25}.Release|x64.ActiveCfg = Release|Any CPU
		{1E7FE3FC-6777-4F32-B1F9-34ABF7EE4B25}.Release|x64.Build.0 = Release|Any CPU
		{1E7FE3FC-6777-4F32-B1F9-34ABF7EE4B25}.Release|x86.ActiveCfg = Release|Any CPU
		{1E7FE3FC-6777-4F32-B1F9-34ABF7EE4B25}.Release|x86.Build.0 = Release|Any CPU
		{7818DB91-94C7-4759-BEA3-17E0CF968E3D}.Debug|Any CPU.ActiveCfg = Debug|Any CPU
		{7818DB91-94C7-4759-BEA3-17E0CF968E3D}.Debug|Any CPU.Build.0 = Debug|Any CPU
		{7818DB91-94C7-4759-BEA3-17E0CF968E3D}.Debug|x64.ActiveCfg = Debug|Any CPU
		{7818DB91-94C7-4759-BEA3-17E0CF968E3D}.Debug|x64.Build.0 = Debug|Any CPU
		{7818DB91-94C7-4759-BEA3-17E0CF968E3D}.Debug|x86.ActiveCfg = Debug|Any CPU
		{7818DB91-94C7-4759-BEA3-17E0CF968E3D}.Debug|x86.Build.0 = Debug|Any CPU
		{7818DB91-94C7-4759-BEA3-17E0CF968E3D}.Release|Any CPU.ActiveCfg = Release|Any CPU
		{7818DB91-94C7-4759-BEA3-17E0CF968E3D}.Release|Any CPU.Build.0 = Release|Any CPU
		{7818DB91-94C7-4759-BEA3-17E0CF968E3D}.Release|x64.ActiveCfg = Release|Any CPU
		{7818DB91-94C7-4759-BEA3-17E0CF968E3D}.Release|x64.Build.0 = Release|Any CPU
		{7818DB91-94C7-4759-BEA3-17E0CF968E3D}.Release|x86.ActiveCfg = Release|Any CPU
		{7818DB91-94C7-4759-BEA3-17E0CF968E3D}.Release|x86.Build.0 = Release|Any CPU
		{099F14B9-BF1A-40A7-B813-F07B0A66932A}.Debug|Any CPU.ActiveCfg = Debug|Any CPU
		{099F14B9-BF1A-40A7-B813-F07B0A66932A}.Debug|Any CPU.Build.0 = Debug|Any CPU
		{099F14B9-BF1A-40A7-B813-F07B0A66932A}.Debug|x64.ActiveCfg = Debug|Any CPU
		{099F14B9-BF1A-40A7-B813-F07B0A66932A}.Debug|x64.Build.0 = Debug|Any CPU
		{099F14B9-BF1A-40A7-B813-F07B0A66932A}.Debug|x86.ActiveCfg = Debug|Any CPU
		{099F14B9-BF1A-40A7-B813-F07B0A66932A}.Debug|x86.Build.0 = Debug|Any CPU
		{099F14B9-BF1A-40A7-B813-F07B0A66932A}.Release|Any CPU.ActiveCfg = Release|Any CPU
		{099F14B9-BF1A-40A7-B813-F07B0A66932A}.Release|Any CPU.Build.0 = Release|Any CPU
		{099F14B9-BF1A-40A7-B813-F07B0A66932A}.Release|x64.ActiveCfg = Release|Any CPU
		{099F14B9-BF1A-40A7-B813-F07B0A66932A}.Release|x64.Build.0 = Release|Any CPU
		{099F14B9-BF1A-40A7-B813-F07B0A66932A}.Release|x86.ActiveCfg = Release|Any CPU
		{099F14B9-BF1A-40A7-B813-F07B0A66932A}.Release|x86.Build.0 = Release|Any CPU
		{85563D13-532D-46FA-ABA6-F38EC7B83843}.Debug|Any CPU.ActiveCfg = Debug|Any CPU
		{85563D13-532D-46FA-ABA6-F38EC7B83843}.Debug|Any CPU.Build.0 = Debug|Any CPU
		{85563D13-532D-46FA-ABA6-F38EC7B83843}.Debug|x64.ActiveCfg = Debug|Any CPU
		{85563D13-532D-46FA-ABA6-F38EC7B83843}.Debug|x64.Build.0 = Debug|Any CPU
		{85563D13-532D-46FA-ABA6-F38EC7B83843}.Debug|x86.ActiveCfg = Debug|Any CPU
		{85563D13-532D-46FA-ABA6-F38EC7B83843}.Debug|x86.Build.0 = Debug|Any CPU
		{85563D13-532D-46FA-ABA6-F38EC7B83843}.Release|Any CPU.ActiveCfg = Release|Any CPU
		{85563D13-532D-46FA-ABA6-F38EC7B83843}.Release|Any CPU.Build.0 = Release|Any CPU
		{85563D13-532D-46FA-ABA6-F38EC7B83843}.Release|x64.ActiveCfg = Release|Any CPU
		{85563D13-532D-46FA-ABA6-F38EC7B83843}.Release|x64.Build.0 = Release|Any CPU
		{85563D13-532D-46FA-ABA6-F38EC7B83843}.Release|x86.ActiveCfg = Release|Any CPU
		{85563D13-532D-46FA-ABA6-F38EC7B83843}.Release|x86.Build.0 = Release|Any CPU
		{F5A347CD-21C8-4981-94FD-3692B7A63AB1}.Debug|Any CPU.ActiveCfg = Debug|Any CPU
		{F5A347CD-21C8-4981-94FD-3692B7A63AB1}.Debug|Any CPU.Build.0 = Debug|Any CPU
		{F5A347CD-21C8-4981-94FD-3692B7A63AB1}.Debug|x64.ActiveCfg = Debug|Any CPU
		{F5A347CD-21C8-4981-94FD-3692B7A63AB1}.Debug|x64.Build.0 = Debug|Any CPU
		{F5A347CD-21C8-4981-94FD-3692B7A63AB1}.Debug|x86.ActiveCfg = Debug|Any CPU
		{F5A347CD-21C8-4981-94FD-3692B7A63AB1}.Debug|x86.Build.0 = Debug|Any CPU
		{F5A347CD-21C8-4981-94FD-3692B7A63AB1}.Release|Any CPU.ActiveCfg = Release|Any CPU
		{F5A347CD-21C8-4981-94FD-3692B7A63AB1}.Release|Any CPU.Build.0 = Release|Any CPU
		{F5A347CD-21C8-4981-94FD-3692B7A63AB1}.Release|x64.ActiveCfg = Release|Any CPU
		{F5A347CD-21C8-4981-94FD-3692B7A63AB1}.Release|x64.Build.0 = Release|Any CPU
		{F5A347CD-21C8-4981-94FD-3692B7A63AB1}.Release|x86.ActiveCfg = Release|Any CPU
		{F5A347CD-21C8-4981-94FD-3692B7A63AB1}.Release|x86.Build.0 = Release|Any CPU
		{EA33D68F-CB25-4271-B65B-3D5A3E8A057C}.Debug|Any CPU.ActiveCfg = Debug|Any CPU
		{EA33D68F-CB25-4271-B65B-3D5A3E8A057C}.Debug|Any CPU.Build.0 = Debug|Any CPU
		{EA33D68F-CB25-4271-B65B-3D5A3E8A057C}.Debug|x64.ActiveCfg = Debug|Any CPU
		{EA33D68F-CB25-4271-B65B-3D5A3E8A057C}.Debug|x64.Build.0 = Debug|Any CPU
		{EA33D68F-CB25-4271-B65B-3D5A3E8A057C}.Debug|x86.ActiveCfg = Debug|Any CPU
		{EA33D68F-CB25-4271-B65B-3D5A3E8A057C}.Debug|x86.Build.0 = Debug|Any CPU
		{EA33D68F-CB25-4271-B65B-3D5A3E8A057C}.Release|Any CPU.ActiveCfg = Release|Any CPU
		{EA33D68F-CB25-4271-B65B-3D5A3E8A057C}.Release|Any CPU.Build.0 = Release|Any CPU
		{EA33D68F-CB25-4271-B65B-3D5A3E8A057C}.Release|x64.ActiveCfg = Release|Any CPU
		{EA33D68F-CB25-4271-B65B-3D5A3E8A057C}.Release|x64.Build.0 = Release|Any CPU
		{EA33D68F-CB25-4271-B65B-3D5A3E8A057C}.Release|x86.ActiveCfg = Release|Any CPU
		{EA33D68F-CB25-4271-B65B-3D5A3E8A057C}.Release|x86.Build.0 = Release|Any CPU
		{7C707B4B-950A-4BB6-9A0A-90C492556575}.Debug|Any CPU.ActiveCfg = Debug|Any CPU
		{7C707B4B-950A-4BB6-9A0A-90C492556575}.Debug|Any CPU.Build.0 = Debug|Any CPU
		{7C707B4B-950A-4BB6-9A0A-90C492556575}.Debug|x64.ActiveCfg = Debug|Any CPU
		{7C707B4B-950A-4BB6-9A0A-90C492556575}.Debug|x64.Build.0 = Debug|Any CPU
		{7C707B4B-950A-4BB6-9A0A-90C492556575}.Debug|x86.ActiveCfg = Debug|Any CPU
		{7C707B4B-950A-4BB6-9A0A-90C492556575}.Debug|x86.Build.0 = Debug|Any CPU
		{7C707B4B-950A-4BB6-9A0A-90C492556575}.Release|Any CPU.ActiveCfg = Release|Any CPU
		{7C707B4B-950A-4BB6-9A0A-90C492556575}.Release|Any CPU.Build.0 = Release|Any CPU
		{7C707B4B-950A-4BB6-9A0A-90C492556575}.Release|x64.ActiveCfg = Release|Any CPU
		{7C707B4B-950A-4BB6-9A0A-90C492556575}.Release|x64.Build.0 = Release|Any CPU
		{7C707B4B-950A-4BB6-9A0A-90C492556575}.Release|x86.ActiveCfg = Release|Any CPU
		{7C707B4B-950A-4BB6-9A0A-90C492556575}.Release|x86.Build.0 = Release|Any CPU
		{6839923F-E3F6-4BA3-AF2A-35E518115C05}.Debug|Any CPU.ActiveCfg = Debug|Any CPU
		{6839923F-E3F6-4BA3-AF2A-35E518115C05}.Debug|Any CPU.Build.0 = Debug|Any CPU
		{6839923F-E3F6-4BA3-AF2A-35E518115C05}.Debug|x64.ActiveCfg = Debug|Any CPU
		{6839923F-E3F6-4BA3-AF2A-35E518115C05}.Debug|x64.Build.0 = Debug|Any CPU
		{6839923F-E3F6-4BA3-AF2A-35E518115C05}.Debug|x86.ActiveCfg = Debug|Any CPU
		{6839923F-E3F6-4BA3-AF2A-35E518115C05}.Debug|x86.Build.0 = Debug|Any CPU
		{6839923F-E3F6-4BA3-AF2A-35E518115C05}.Release|Any CPU.ActiveCfg = Release|Any CPU
		{6839923F-E3F6-4BA3-AF2A-35E518115C05}.Release|Any CPU.Build.0 = Release|Any CPU
		{6839923F-E3F6-4BA3-AF2A-35E518115C05}.Release|x64.ActiveCfg = Release|Any CPU
		{6839923F-E3F6-4BA3-AF2A-35E518115C05}.Release|x64.Build.0 = Release|Any CPU
		{6839923F-E3F6-4BA3-AF2A-35E518115C05}.Release|x86.ActiveCfg = Release|Any CPU
		{6839923F-E3F6-4BA3-AF2A-35E518115C05}.Release|x86.Build.0 = Release|Any CPU
		{9769B90F-7FA8-483B-8961-E47E3D41CD24}.Debug|Any CPU.ActiveCfg = Debug|Any CPU
		{9769B90F-7FA8-483B-8961-E47E3D41CD24}.Debug|Any CPU.Build.0 = Debug|Any CPU
		{9769B90F-7FA8-483B-8961-E47E3D41CD24}.Debug|x64.ActiveCfg = Debug|Any CPU
		{9769B90F-7FA8-483B-8961-E47E3D41CD24}.Debug|x64.Build.0 = Debug|Any CPU
		{9769B90F-7FA8-483B-8961-E47E3D41CD24}.Debug|x86.ActiveCfg = Debug|Any CPU
		{9769B90F-7FA8-483B-8961-E47E3D41CD24}.Debug|x86.Build.0 = Debug|Any CPU
		{9769B90F-7FA8-483B-8961-E47E3D41CD24}.Release|Any CPU.ActiveCfg = Release|Any CPU
		{9769B90F-7FA8-483B-8961-E47E3D41CD24}.Release|Any CPU.Build.0 = Release|Any CPU
		{9769B90F-7FA8-483B-8961-E47E3D41CD24}.Release|x64.ActiveCfg = Release|Any CPU
		{9769B90F-7FA8-483B-8961-E47E3D41CD24}.Release|x64.Build.0 = Release|Any CPU
		{9769B90F-7FA8-483B-8961-E47E3D41CD24}.Release|x86.ActiveCfg = Release|Any CPU
		{9769B90F-7FA8-483B-8961-E47E3D41CD24}.Release|x86.Build.0 = Release|Any CPU
		{89794949-8D9E-4B7D-9F3D-E07201F7DC64}.Debug|Any CPU.ActiveCfg = Debug|Any CPU
		{89794949-8D9E-4B7D-9F3D-E07201F7DC64}.Debug|Any CPU.Build.0 = Debug|Any CPU
		{89794949-8D9E-4B7D-9F3D-E07201F7DC64}.Debug|x64.ActiveCfg = Debug|Any CPU
		{89794949-8D9E-4B7D-9F3D-E07201F7DC64}.Debug|x64.Build.0 = Debug|Any CPU
		{89794949-8D9E-4B7D-9F3D-E07201F7DC64}.Debug|x86.ActiveCfg = Debug|Any CPU
		{89794949-8D9E-4B7D-9F3D-E07201F7DC64}.Debug|x86.Build.0 = Debug|Any CPU
		{89794949-8D9E-4B7D-9F3D-E07201F7DC64}.Release|Any CPU.ActiveCfg = Release|Any CPU
		{89794949-8D9E-4B7D-9F3D-E07201F7DC64}.Release|Any CPU.Build.0 = Release|Any CPU
		{89794949-8D9E-4B7D-9F3D-E07201F7DC64}.Release|x64.ActiveCfg = Release|Any CPU
		{89794949-8D9E-4B7D-9F3D-E07201F7DC64}.Release|x64.Build.0 = Release|Any CPU
		{89794949-8D9E-4B7D-9F3D-E07201F7DC64}.Release|x86.ActiveCfg = Release|Any CPU
		{89794949-8D9E-4B7D-9F3D-E07201F7DC64}.Release|x86.Build.0 = Release|Any CPU
		{266E25BD-085C-48DC-B037-92EBFF4623CF}.Debug|Any CPU.ActiveCfg = Debug|Any CPU
		{266E25BD-085C-48DC-B037-92EBFF4623CF}.Debug|Any CPU.Build.0 = Debug|Any CPU
		{266E25BD-085C-48DC-B037-92EBFF4623CF}.Debug|x64.ActiveCfg = Debug|Any CPU
		{266E25BD-085C-48DC-B037-92EBFF4623CF}.Debug|x64.Build.0 = Debug|Any CPU
		{266E25BD-085C-48DC-B037-92EBFF4623CF}.Debug|x86.ActiveCfg = Debug|Any CPU
		{266E25BD-085C-48DC-B037-92EBFF4623CF}.Debug|x86.Build.0 = Debug|Any CPU
		{266E25BD-085C-48DC-B037-92EBFF4623CF}.Release|Any CPU.ActiveCfg = Release|Any CPU
		{266E25BD-085C-48DC-B037-92EBFF4623CF}.Release|Any CPU.Build.0 = Release|Any CPU
		{266E25BD-085C-48DC-B037-92EBFF4623CF}.Release|x64.ActiveCfg = Release|Any CPU
		{266E25BD-085C-48DC-B037-92EBFF4623CF}.Release|x64.Build.0 = Release|Any CPU
		{266E25BD-085C-48DC-B037-92EBFF4623CF}.Release|x86.ActiveCfg = Release|Any CPU
		{266E25BD-085C-48DC-B037-92EBFF4623CF}.Release|x86.Build.0 = Release|Any CPU
		{E670C567-66AF-43B6-A881-50D6FBD2E95A}.Debug|Any CPU.ActiveCfg = Debug|Any CPU
		{E670C567-66AF-43B6-A881-50D6FBD2E95A}.Debug|Any CPU.Build.0 = Debug|Any CPU
		{E670C567-66AF-43B6-A881-50D6FBD2E95A}.Debug|x64.ActiveCfg = Debug|Any CPU
		{E670C567-66AF-43B6-A881-50D6FBD2E95A}.Debug|x64.Build.0 = Debug|Any CPU
		{E670C567-66AF-43B6-A881-50D6FBD2E95A}.Debug|x86.ActiveCfg = Debug|Any CPU
		{E670C567-66AF-43B6-A881-50D6FBD2E95A}.Debug|x86.Build.0 = Debug|Any CPU
		{E670C567-66AF-43B6-A881-50D6FBD2E95A}.Release|Any CPU.ActiveCfg = Release|Any CPU
		{E670C567-66AF-43B6-A881-50D6FBD2E95A}.Release|Any CPU.Build.0 = Release|Any CPU
		{E670C567-66AF-43B6-A881-50D6FBD2E95A}.Release|x64.ActiveCfg = Release|Any CPU
		{E670C567-66AF-43B6-A881-50D6FBD2E95A}.Release|x64.Build.0 = Release|Any CPU
		{E670C567-66AF-43B6-A881-50D6FBD2E95A}.Release|x86.ActiveCfg = Release|Any CPU
		{E670C567-66AF-43B6-A881-50D6FBD2E95A}.Release|x86.Build.0 = Release|Any CPU
		{3B84EE83-AECA-4498-A0E0-5F8760BF4118}.Debug|Any CPU.ActiveCfg = Debug|Any CPU
		{3B84EE83-AECA-4498-A0E0-5F8760BF4118}.Debug|Any CPU.Build.0 = Debug|Any CPU
		{3B84EE83-AECA-4498-A0E0-5F8760BF4118}.Debug|x64.ActiveCfg = Debug|Any CPU
		{3B84EE83-AECA-4498-A0E0-5F8760BF4118}.Debug|x64.Build.0 = Debug|Any CPU
		{3B84EE83-AECA-4498-A0E0-5F8760BF4118}.Debug|x86.ActiveCfg = Debug|Any CPU
		{3B84EE83-AECA-4498-A0E0-5F8760BF4118}.Debug|x86.Build.0 = Debug|Any CPU
		{3B84EE83-AECA-4498-A0E0-5F8760BF4118}.Release|Any CPU.ActiveCfg = Release|Any CPU
		{3B84EE83-AECA-4498-A0E0-5F8760BF4118}.Release|Any CPU.Build.0 = Release|Any CPU
		{3B84EE83-AECA-4498-A0E0-5F8760BF4118}.Release|x64.ActiveCfg = Release|Any CPU
		{3B84EE83-AECA-4498-A0E0-5F8760BF4118}.Release|x64.Build.0 = Release|Any CPU
		{3B84EE83-AECA-4498-A0E0-5F8760BF4118}.Release|x86.ActiveCfg = Release|Any CPU
		{3B84EE83-AECA-4498-A0E0-5F8760BF4118}.Release|x86.Build.0 = Release|Any CPU
		{E1E99CE2-DD19-4CE9-A884-31F6537473B6}.Debug|Any CPU.ActiveCfg = Debug|Any CPU
		{E1E99CE2-DD19-4CE9-A884-31F6537473B6}.Debug|Any CPU.Build.0 = Debug|Any CPU
		{E1E99CE2-DD19-4CE9-A884-31F6537473B6}.Debug|x64.ActiveCfg = Debug|Any CPU
		{E1E99CE2-DD19-4CE9-A884-31F6537473B6}.Debug|x64.Build.0 = Debug|Any CPU
		{E1E99CE2-DD19-4CE9-A884-31F6537473B6}.Debug|x86.ActiveCfg = Debug|Any CPU
		{E1E99CE2-DD19-4CE9-A884-31F6537473B6}.Debug|x86.Build.0 = Debug|Any CPU
		{E1E99CE2-DD19-4CE9-A884-31F6537473B6}.Release|Any CPU.ActiveCfg = Release|Any CPU
		{E1E99CE2-DD19-4CE9-A884-31F6537473B6}.Release|Any CPU.Build.0 = Release|Any CPU
		{E1E99CE2-DD19-4CE9-A884-31F6537473B6}.Release|x64.ActiveCfg = Release|Any CPU
		{E1E99CE2-DD19-4CE9-A884-31F6537473B6}.Release|x64.Build.0 = Release|Any CPU
		{E1E99CE2-DD19-4CE9-A884-31F6537473B6}.Release|x86.ActiveCfg = Release|Any CPU
		{E1E99CE2-DD19-4CE9-A884-31F6537473B6}.Release|x86.Build.0 = Release|Any CPU
		{B6C96C70-6E17-496A-9FDE-743AB839D0B0}.Debug|Any CPU.ActiveCfg = Debug|Any CPU
		{B6C96C70-6E17-496A-9FDE-743AB839D0B0}.Debug|Any CPU.Build.0 = Debug|Any CPU
		{B6C96C70-6E17-496A-9FDE-743AB839D0B0}.Debug|x64.ActiveCfg = Debug|Any CPU
		{B6C96C70-6E17-496A-9FDE-743AB839D0B0}.Debug|x64.Build.0 = Debug|Any CPU
		{B6C96C70-6E17-496A-9FDE-743AB839D0B0}.Debug|x86.ActiveCfg = Debug|Any CPU
		{B6C96C70-6E17-496A-9FDE-743AB839D0B0}.Debug|x86.Build.0 = Debug|Any CPU
		{B6C96C70-6E17-496A-9FDE-743AB839D0B0}.Release|Any CPU.ActiveCfg = Release|Any CPU
		{B6C96C70-6E17-496A-9FDE-743AB839D0B0}.Release|Any CPU.Build.0 = Release|Any CPU
		{B6C96C70-6E17-496A-9FDE-743AB839D0B0}.Release|x64.ActiveCfg = Release|Any CPU
		{B6C96C70-6E17-496A-9FDE-743AB839D0B0}.Release|x64.Build.0 = Release|Any CPU
		{B6C96C70-6E17-496A-9FDE-743AB839D0B0}.Release|x86.ActiveCfg = Release|Any CPU
		{B6C96C70-6E17-496A-9FDE-743AB839D0B0}.Release|x86.Build.0 = Release|Any CPU
		{A7955FD7-7A5D-4E4E-AD28-04ED57D89C9D}.Debug|Any CPU.ActiveCfg = Debug|Any CPU
		{A7955FD7-7A5D-4E4E-AD28-04ED57D89C9D}.Debug|Any CPU.Build.0 = Debug|Any CPU
		{A7955FD7-7A5D-4E4E-AD28-04ED57D89C9D}.Debug|x64.ActiveCfg = Debug|Any CPU
		{A7955FD7-7A5D-4E4E-AD28-04ED57D89C9D}.Debug|x64.Build.0 = Debug|Any CPU
		{A7955FD7-7A5D-4E4E-AD28-04ED57D89C9D}.Debug|x86.ActiveCfg = Debug|Any CPU
		{A7955FD7-7A5D-4E4E-AD28-04ED57D89C9D}.Debug|x86.Build.0 = Debug|Any CPU
		{A7955FD7-7A5D-4E4E-AD28-04ED57D89C9D}.Release|Any CPU.ActiveCfg = Release|Any CPU
		{A7955FD7-7A5D-4E4E-AD28-04ED57D89C9D}.Release|Any CPU.Build.0 = Release|Any CPU
		{A7955FD7-7A5D-4E4E-AD28-04ED57D89C9D}.Release|x64.ActiveCfg = Release|Any CPU
		{A7955FD7-7A5D-4E4E-AD28-04ED57D89C9D}.Release|x64.Build.0 = Release|Any CPU
		{A7955FD7-7A5D-4E4E-AD28-04ED57D89C9D}.Release|x86.ActiveCfg = Release|Any CPU
		{A7955FD7-7A5D-4E4E-AD28-04ED57D89C9D}.Release|x86.Build.0 = Release|Any CPU
		{B1840735-A0AE-45FA-815A-F172CCD00AE6}.Debug|Any CPU.ActiveCfg = Debug|Any CPU
		{B1840735-A0AE-45FA-815A-F172CCD00AE6}.Debug|Any CPU.Build.0 = Debug|Any CPU
		{B1840735-A0AE-45FA-815A-F172CCD00AE6}.Debug|x64.ActiveCfg = Debug|Any CPU
		{B1840735-A0AE-45FA-815A-F172CCD00AE6}.Debug|x64.Build.0 = Debug|Any CPU
		{B1840735-A0AE-45FA-815A-F172CCD00AE6}.Debug|x86.ActiveCfg = Debug|Any CPU
		{B1840735-A0AE-45FA-815A-F172CCD00AE6}.Debug|x86.Build.0 = Debug|Any CPU
		{B1840735-A0AE-45FA-815A-F172CCD00AE6}.Release|Any CPU.ActiveCfg = Release|Any CPU
		{B1840735-A0AE-45FA-815A-F172CCD00AE6}.Release|Any CPU.Build.0 = Release|Any CPU
		{B1840735-A0AE-45FA-815A-F172CCD00AE6}.Release|x64.ActiveCfg = Release|Any CPU
		{B1840735-A0AE-45FA-815A-F172CCD00AE6}.Release|x64.Build.0 = Release|Any CPU
		{B1840735-A0AE-45FA-815A-F172CCD00AE6}.Release|x86.ActiveCfg = Release|Any CPU
		{B1840735-A0AE-45FA-815A-F172CCD00AE6}.Release|x86.Build.0 = Release|Any CPU
		{F2FA5B84-F95F-491C-B24F-4376BAE2C5EE}.Debug|Any CPU.ActiveCfg = Debug|Any CPU
		{F2FA5B84-F95F-491C-B24F-4376BAE2C5EE}.Debug|Any CPU.Build.0 = Debug|Any CPU
		{F2FA5B84-F95F-491C-B24F-4376BAE2C5EE}.Debug|x64.ActiveCfg = Debug|Any CPU
		{F2FA5B84-F95F-491C-B24F-4376BAE2C5EE}.Debug|x64.Build.0 = Debug|Any CPU
		{F2FA5B84-F95F-491C-B24F-4376BAE2C5EE}.Debug|x86.ActiveCfg = Debug|Any CPU
		{F2FA5B84-F95F-491C-B24F-4376BAE2C5EE}.Debug|x86.Build.0 = Debug|Any CPU
		{F2FA5B84-F95F-491C-B24F-4376BAE2C5EE}.Release|Any CPU.ActiveCfg = Release|Any CPU
		{F2FA5B84-F95F-491C-B24F-4376BAE2C5EE}.Release|Any CPU.Build.0 = Release|Any CPU
		{F2FA5B84-F95F-491C-B24F-4376BAE2C5EE}.Release|x64.ActiveCfg = Release|Any CPU
		{F2FA5B84-F95F-491C-B24F-4376BAE2C5EE}.Release|x64.Build.0 = Release|Any CPU
		{F2FA5B84-F95F-491C-B24F-4376BAE2C5EE}.Release|x86.ActiveCfg = Release|Any CPU
		{F2FA5B84-F95F-491C-B24F-4376BAE2C5EE}.Release|x86.Build.0 = Release|Any CPU
		{6B7B484B-9E14-430B-8C7D-D225E0C2F45F}.Debug|Any CPU.ActiveCfg = Debug|Any CPU
		{6B7B484B-9E14-430B-8C7D-D225E0C2F45F}.Debug|Any CPU.Build.0 = Debug|Any CPU
		{6B7B484B-9E14-430B-8C7D-D225E0C2F45F}.Debug|x64.ActiveCfg = Debug|Any CPU
		{6B7B484B-9E14-430B-8C7D-D225E0C2F45F}.Debug|x64.Build.0 = Debug|Any CPU
		{6B7B484B-9E14-430B-8C7D-D225E0C2F45F}.Debug|x86.ActiveCfg = Debug|Any CPU
		{6B7B484B-9E14-430B-8C7D-D225E0C2F45F}.Debug|x86.Build.0 = Debug|Any CPU
		{6B7B484B-9E14-430B-8C7D-D225E0C2F45F}.Release|Any CPU.ActiveCfg = Release|Any CPU
		{6B7B484B-9E14-430B-8C7D-D225E0C2F45F}.Release|Any CPU.Build.0 = Release|Any CPU
		{6B7B484B-9E14-430B-8C7D-D225E0C2F45F}.Release|x64.ActiveCfg = Release|Any CPU
		{6B7B484B-9E14-430B-8C7D-D225E0C2F45F}.Release|x64.Build.0 = Release|Any CPU
		{6B7B484B-9E14-430B-8C7D-D225E0C2F45F}.Release|x86.ActiveCfg = Release|Any CPU
		{6B7B484B-9E14-430B-8C7D-D225E0C2F45F}.Release|x86.Build.0 = Release|Any CPU
		{84D36A52-7FEE-4064-B4C1-8FD75A24465A}.Debug|Any CPU.ActiveCfg = Debug|Any CPU
		{84D36A52-7FEE-4064-B4C1-8FD75A24465A}.Debug|Any CPU.Build.0 = Debug|Any CPU
		{84D36A52-7FEE-4064-B4C1-8FD75A24465A}.Debug|x64.ActiveCfg = Debug|Any CPU
		{84D36A52-7FEE-4064-B4C1-8FD75A24465A}.Debug|x64.Build.0 = Debug|Any CPU
		{84D36A52-7FEE-4064-B4C1-8FD75A24465A}.Debug|x86.ActiveCfg = Debug|Any CPU
		{84D36A52-7FEE-4064-B4C1-8FD75A24465A}.Debug|x86.Build.0 = Debug|Any CPU
		{84D36A52-7FEE-4064-B4C1-8FD75A24465A}.Release|Any CPU.ActiveCfg = Release|Any CPU
		{84D36A52-7FEE-4064-B4C1-8FD75A24465A}.Release|Any CPU.Build.0 = Release|Any CPU
		{84D36A52-7FEE-4064-B4C1-8FD75A24465A}.Release|x64.ActiveCfg = Release|Any CPU
		{84D36A52-7FEE-4064-B4C1-8FD75A24465A}.Release|x64.Build.0 = Release|Any CPU
		{84D36A52-7FEE-4064-B4C1-8FD75A24465A}.Release|x86.ActiveCfg = Release|Any CPU
		{84D36A52-7FEE-4064-B4C1-8FD75A24465A}.Release|x86.Build.0 = Release|Any CPU
		{71FB5524-46AE-4269-8148-4F8461CDF079}.Debug|Any CPU.ActiveCfg = Debug|Any CPU
		{71FB5524-46AE-4269-8148-4F8461CDF079}.Debug|Any CPU.Build.0 = Debug|Any CPU
		{71FB5524-46AE-4269-8148-4F8461CDF079}.Debug|x64.ActiveCfg = Debug|Any CPU
		{71FB5524-46AE-4269-8148-4F8461CDF079}.Debug|x64.Build.0 = Debug|Any CPU
		{71FB5524-46AE-4269-8148-4F8461CDF079}.Debug|x86.ActiveCfg = Debug|Any CPU
		{71FB5524-46AE-4269-8148-4F8461CDF079}.Debug|x86.Build.0 = Debug|Any CPU
		{71FB5524-46AE-4269-8148-4F8461CDF079}.Release|Any CPU.ActiveCfg = Release|Any CPU
		{71FB5524-46AE-4269-8148-4F8461CDF079}.Release|Any CPU.Build.0 = Release|Any CPU
		{71FB5524-46AE-4269-8148-4F8461CDF079}.Release|x64.ActiveCfg = Release|Any CPU
		{71FB5524-46AE-4269-8148-4F8461CDF079}.Release|x64.Build.0 = Release|Any CPU
		{71FB5524-46AE-4269-8148-4F8461CDF079}.Release|x86.ActiveCfg = Release|Any CPU
		{71FB5524-46AE-4269-8148-4F8461CDF079}.Release|x86.Build.0 = Release|Any CPU
		{3409F00F-D501-4A26-878A-F32CC5819FF0}.Debug|Any CPU.ActiveCfg = Debug|Any CPU
		{3409F00F-D501-4A26-878A-F32CC5819FF0}.Debug|Any CPU.Build.0 = Debug|Any CPU
		{3409F00F-D501-4A26-878A-F32CC5819FF0}.Debug|x64.ActiveCfg = Debug|Any CPU
		{3409F00F-D501-4A26-878A-F32CC5819FF0}.Debug|x64.Build.0 = Debug|Any CPU
		{3409F00F-D501-4A26-878A-F32CC5819FF0}.Debug|x86.ActiveCfg = Debug|Any CPU
		{3409F00F-D501-4A26-878A-F32CC5819FF0}.Debug|x86.Build.0 = Debug|Any CPU
		{3409F00F-D501-4A26-878A-F32CC5819FF0}.Release|Any CPU.ActiveCfg = Release|Any CPU
		{3409F00F-D501-4A26-878A-F32CC5819FF0}.Release|Any CPU.Build.0 = Release|Any CPU
		{3409F00F-D501-4A26-878A-F32CC5819FF0}.Release|x64.ActiveCfg = Release|Any CPU
		{3409F00F-D501-4A26-878A-F32CC5819FF0}.Release|x64.Build.0 = Release|Any CPU
		{3409F00F-D501-4A26-878A-F32CC5819FF0}.Release|x86.ActiveCfg = Release|Any CPU
		{3409F00F-D501-4A26-878A-F32CC5819FF0}.Release|x86.Build.0 = Release|Any CPU
		{AE5EEE79-2E3C-4F10-883B-CFF83C8DCB2C}.Debug|Any CPU.ActiveCfg = Debug|Any CPU
		{AE5EEE79-2E3C-4F10-883B-CFF83C8DCB2C}.Debug|Any CPU.Build.0 = Debug|Any CPU
		{AE5EEE79-2E3C-4F10-883B-CFF83C8DCB2C}.Debug|x64.ActiveCfg = Debug|Any CPU
		{AE5EEE79-2E3C-4F10-883B-CFF83C8DCB2C}.Debug|x64.Build.0 = Debug|Any CPU
		{AE5EEE79-2E3C-4F10-883B-CFF83C8DCB2C}.Debug|x86.ActiveCfg = Debug|Any CPU
		{AE5EEE79-2E3C-4F10-883B-CFF83C8DCB2C}.Debug|x86.Build.0 = Debug|Any CPU
		{AE5EEE79-2E3C-4F10-883B-CFF83C8DCB2C}.Release|Any CPU.ActiveCfg = Release|Any CPU
		{AE5EEE79-2E3C-4F10-883B-CFF83C8DCB2C}.Release|Any CPU.Build.0 = Release|Any CPU
		{AE5EEE79-2E3C-4F10-883B-CFF83C8DCB2C}.Release|x64.ActiveCfg = Release|Any CPU
		{AE5EEE79-2E3C-4F10-883B-CFF83C8DCB2C}.Release|x64.Build.0 = Release|Any CPU
		{AE5EEE79-2E3C-4F10-883B-CFF83C8DCB2C}.Release|x86.ActiveCfg = Release|Any CPU
		{AE5EEE79-2E3C-4F10-883B-CFF83C8DCB2C}.Release|x86.Build.0 = Release|Any CPU
		{A2E7EB6D-D441-4C30-856A-7C18F3AC6BF7}.Debug|Any CPU.ActiveCfg = Debug|Any CPU
		{A2E7EB6D-D441-4C30-856A-7C18F3AC6BF7}.Debug|Any CPU.Build.0 = Debug|Any CPU
		{A2E7EB6D-D441-4C30-856A-7C18F3AC6BF7}.Debug|x64.ActiveCfg = Debug|Any CPU
		{A2E7EB6D-D441-4C30-856A-7C18F3AC6BF7}.Debug|x64.Build.0 = Debug|Any CPU
		{A2E7EB6D-D441-4C30-856A-7C18F3AC6BF7}.Debug|x86.ActiveCfg = Debug|Any CPU
		{A2E7EB6D-D441-4C30-856A-7C18F3AC6BF7}.Debug|x86.Build.0 = Debug|Any CPU
		{A2E7EB6D-D441-4C30-856A-7C18F3AC6BF7}.Release|Any CPU.ActiveCfg = Release|Any CPU
		{A2E7EB6D-D441-4C30-856A-7C18F3AC6BF7}.Release|Any CPU.Build.0 = Release|Any CPU
		{A2E7EB6D-D441-4C30-856A-7C18F3AC6BF7}.Release|x64.ActiveCfg = Release|Any CPU
		{A2E7EB6D-D441-4C30-856A-7C18F3AC6BF7}.Release|x64.Build.0 = Release|Any CPU
		{A2E7EB6D-D441-4C30-856A-7C18F3AC6BF7}.Release|x86.ActiveCfg = Release|Any CPU
		{A2E7EB6D-D441-4C30-856A-7C18F3AC6BF7}.Release|x86.Build.0 = Release|Any CPU
		{5347F8A9-0FBD-42F6-A448-755E3E47C037}.Debug|Any CPU.ActiveCfg = Debug|Any CPU
		{5347F8A9-0FBD-42F6-A448-755E3E47C037}.Debug|Any CPU.Build.0 = Debug|Any CPU
		{5347F8A9-0FBD-42F6-A448-755E3E47C037}.Debug|x64.ActiveCfg = Debug|Any CPU
		{5347F8A9-0FBD-42F6-A448-755E3E47C037}.Debug|x64.Build.0 = Debug|Any CPU
		{5347F8A9-0FBD-42F6-A448-755E3E47C037}.Debug|x86.ActiveCfg = Debug|Any CPU
		{5347F8A9-0FBD-42F6-A448-755E3E47C037}.Debug|x86.Build.0 = Debug|Any CPU
		{5347F8A9-0FBD-42F6-A448-755E3E47C037}.Release|Any CPU.ActiveCfg = Release|Any CPU
		{5347F8A9-0FBD-42F6-A448-755E3E47C037}.Release|Any CPU.Build.0 = Release|Any CPU
		{5347F8A9-0FBD-42F6-A448-755E3E47C037}.Release|x64.ActiveCfg = Release|Any CPU
		{5347F8A9-0FBD-42F6-A448-755E3E47C037}.Release|x64.Build.0 = Release|Any CPU
		{5347F8A9-0FBD-42F6-A448-755E3E47C037}.Release|x86.ActiveCfg = Release|Any CPU
		{5347F8A9-0FBD-42F6-A448-755E3E47C037}.Release|x86.Build.0 = Release|Any CPU
		{0206EBA2-6477-4BD3-A9DC-C6C8357021CB}.Debug|Any CPU.ActiveCfg = Debug|Any CPU
		{0206EBA2-6477-4BD3-A9DC-C6C8357021CB}.Debug|Any CPU.Build.0 = Debug|Any CPU
		{0206EBA2-6477-4BD3-A9DC-C6C8357021CB}.Debug|x64.ActiveCfg = Debug|Any CPU
		{0206EBA2-6477-4BD3-A9DC-C6C8357021CB}.Debug|x64.Build.0 = Debug|Any CPU
		{0206EBA2-6477-4BD3-A9DC-C6C8357021CB}.Debug|x86.ActiveCfg = Debug|Any CPU
		{0206EBA2-6477-4BD3-A9DC-C6C8357021CB}.Debug|x86.Build.0 = Debug|Any CPU
		{0206EBA2-6477-4BD3-A9DC-C6C8357021CB}.Release|Any CPU.ActiveCfg = Release|Any CPU
		{0206EBA2-6477-4BD3-A9DC-C6C8357021CB}.Release|Any CPU.Build.0 = Release|Any CPU
		{0206EBA2-6477-4BD3-A9DC-C6C8357021CB}.Release|x64.ActiveCfg = Release|Any CPU
		{0206EBA2-6477-4BD3-A9DC-C6C8357021CB}.Release|x64.Build.0 = Release|Any CPU
		{0206EBA2-6477-4BD3-A9DC-C6C8357021CB}.Release|x86.ActiveCfg = Release|Any CPU
		{0206EBA2-6477-4BD3-A9DC-C6C8357021CB}.Release|x86.Build.0 = Release|Any CPU
		{3FEFCA64-4F74-45BB-899F-ADCF8FCBD24B}.Debug|Any CPU.ActiveCfg = Debug|Any CPU
		{3FEFCA64-4F74-45BB-899F-ADCF8FCBD24B}.Debug|Any CPU.Build.0 = Debug|Any CPU
		{3FEFCA64-4F74-45BB-899F-ADCF8FCBD24B}.Debug|x64.ActiveCfg = Debug|Any CPU
		{3FEFCA64-4F74-45BB-899F-ADCF8FCBD24B}.Debug|x64.Build.0 = Debug|Any CPU
		{3FEFCA64-4F74-45BB-899F-ADCF8FCBD24B}.Debug|x86.ActiveCfg = Debug|Any CPU
		{3FEFCA64-4F74-45BB-899F-ADCF8FCBD24B}.Debug|x86.Build.0 = Debug|Any CPU
		{3FEFCA64-4F74-45BB-899F-ADCF8FCBD24B}.Release|Any CPU.ActiveCfg = Release|Any CPU
		{3FEFCA64-4F74-45BB-899F-ADCF8FCBD24B}.Release|Any CPU.Build.0 = Release|Any CPU
		{3FEFCA64-4F74-45BB-899F-ADCF8FCBD24B}.Release|x64.ActiveCfg = Release|Any CPU
		{3FEFCA64-4F74-45BB-899F-ADCF8FCBD24B}.Release|x64.Build.0 = Release|Any CPU
		{3FEFCA64-4F74-45BB-899F-ADCF8FCBD24B}.Release|x86.ActiveCfg = Release|Any CPU
		{3FEFCA64-4F74-45BB-899F-ADCF8FCBD24B}.Release|x86.Build.0 = Release|Any CPU
	EndGlobalSection
	GlobalSection(SolutionProperties) = preSolution
		HideSolutionNode = FALSE
	EndGlobalSection
	GlobalSection(NestedProjects) = preSolution
		{8A046D42-3260-8CA8-2ECF-692824CB1A31} = {827E0CD3-B72D-47B6-A68D-7590B98EB39B}
		{1156DC1C-76E0-4432-B47F-15154D1B3330} = {8A046D42-3260-8CA8-2ECF-692824CB1A31}
		{BC8EAAAE-FD1E-4731-88AA-133048D69A10} = {8A046D42-3260-8CA8-2ECF-692824CB1A31}
		{EA89A285-42BD-C54A-D203-47C040906023} = {827E0CD3-B72D-47B6-A68D-7590B98EB39B}
		{CD77FB57-BE77-47E2-87B5-012C1910EA74} = {EA89A285-42BD-C54A-D203-47C040906023}
		{EC21B48C-2A57-4D05-9321-58880CC79B45} = {EA89A285-42BD-C54A-D203-47C040906023}
		{D45FC214-0CD1-4823-82A8-1402150A91FD} = {EA89A285-42BD-C54A-D203-47C040906023}
		{DFADAC7B-ED9C-40D2-875C-89BAA9BA59C4} = {EA89A285-42BD-C54A-D203-47C040906023}
		{615A9578-F1F2-42F9-95A2-CD7D51D275D7} = {EA89A285-42BD-C54A-D203-47C040906023}
		{847811E4-A540-4C14-87F3-862AFE054C6D} = {EA89A285-42BD-C54A-D203-47C040906023}
		{16B6310D-D198-4469-9A0B-9CE19A4D9302} = {EA89A285-42BD-C54A-D203-47C040906023}
		{BF7FE6C6-4767-5944-8463-05D70A6837AB} = {827E0CD3-B72D-47B6-A68D-7590B98EB39B}
		{0DEF6531-5F90-4BB4-A5CE-0E2A18695BDB} = {BF7FE6C6-4767-5944-8463-05D70A6837AB}
		{B4318F68-65A5-4F95-8328-CFA24346A804} = {BF7FE6C6-4767-5944-8463-05D70A6837AB}
		{593408D3-8386-4001-9EF0-F32208CA73CB} = {BF7FE6C6-4767-5944-8463-05D70A6837AB}
		{26C99960-4E77-49A4-9AF5-9912993A3795} = {BF7FE6C6-4767-5944-8463-05D70A6837AB}
		{37C4E826-A03A-E182-5C88-B2E6CB82960B} = {827E0CD3-B72D-47B6-A68D-7590B98EB39B}
		{71983FDB-7F6F-4F3D-B224-7D0AD94A8520} = {37C4E826-A03A-E182-5C88-B2E6CB82960B}
		{1E7FE3FC-6777-4F32-B1F9-34ABF7EE4B25} = {37C4E826-A03A-E182-5C88-B2E6CB82960B}
		{7818DB91-94C7-4759-BEA3-17E0CF968E3D} = {37C4E826-A03A-E182-5C88-B2E6CB82960B}
		{099F14B9-BF1A-40A7-B813-F07B0A66932A} = {37C4E826-A03A-E182-5C88-B2E6CB82960B}
		{85563D13-532D-46FA-ABA6-F38EC7B83843} = {37C4E826-A03A-E182-5C88-B2E6CB82960B}
		{F5A347CD-21C8-4981-94FD-3692B7A63AB1} = {37C4E826-A03A-E182-5C88-B2E6CB82960B}
		{EA33D68F-CB25-4271-B65B-3D5A3E8A057C} = {37C4E826-A03A-E182-5C88-B2E6CB82960B}
		{0011A916-81A5-4E7A-5E1B-8F4704F4CBAC} = {827E0CD3-B72D-47B6-A68D-7590B98EB39B}
		{7C707B4B-950A-4BB6-9A0A-90C492556575} = {0011A916-81A5-4E7A-5E1B-8F4704F4CBAC}
		{6839923F-E3F6-4BA3-AF2A-35E518115C05} = {0011A916-81A5-4E7A-5E1B-8F4704F4CBAC}
		{9769B90F-7FA8-483B-8961-E47E3D41CD24} = {0011A916-81A5-4E7A-5E1B-8F4704F4CBAC}
		{89794949-8D9E-4B7D-9F3D-E07201F7DC64} = {0011A916-81A5-4E7A-5E1B-8F4704F4CBAC}
		{59375C94-34A6-D073-8B02-7BB256F77BD5} = {827E0CD3-B72D-47B6-A68D-7590B98EB39B}
		{266E25BD-085C-48DC-B037-92EBFF4623CF} = {59375C94-34A6-D073-8B02-7BB256F77BD5}
		{E670C567-66AF-43B6-A881-50D6FBD2E95A} = {59375C94-34A6-D073-8B02-7BB256F77BD5}
		{3B84EE83-AECA-4498-A0E0-5F8760BF4118} = {59375C94-34A6-D073-8B02-7BB256F77BD5}
		{E1E99CE2-DD19-4CE9-A884-31F6537473B6} = {59375C94-34A6-D073-8B02-7BB256F77BD5}
		{D8A1C966-6DFF-4EC9-A45D-883350195242} = {827E0CD3-B72D-47B6-A68D-7590B98EB39B}
		{B6C96C70-6E17-496A-9FDE-743AB839D0B0} = {D8A1C966-6DFF-4EC9-A45D-883350195242}
		{A7955FD7-7A5D-4E4E-AD28-04ED57D89C9D} = {D8A1C966-6DFF-4EC9-A45D-883350195242}
		{B1840735-A0AE-45FA-815A-F172CCD00AE6} = {D8A1C966-6DFF-4EC9-A45D-883350195242}
		{38B82DB1-660F-6646-F354-9E3192868169} = {827E0CD3-B72D-47B6-A68D-7590B98EB39B}
		{F2FA5B84-F95F-491C-B24F-4376BAE2C5EE} = {38B82DB1-660F-6646-F354-9E3192868169}
		{6B7B484B-9E14-430B-8C7D-D225E0C2F45F} = {38B82DB1-660F-6646-F354-9E3192868169}
		{0FF2C990-3B4A-4DAF-AF97-9E80BE0D0306} = {827E0CD3-B72D-47B6-A68D-7590B98EB39B}
		{84D36A52-7FEE-4064-B4C1-8FD75A24465A} = {0FF2C990-3B4A-4DAF-AF97-9E80BE0D0306}
		{71FB5524-46AE-4269-8148-4F8461CDF079} = {0FF2C990-3B4A-4DAF-AF97-9E80BE0D0306}
		{3409F00F-D501-4A26-878A-F32CC5819FF0} = {0FF2C990-3B4A-4DAF-AF97-9E80BE0D0306}
		{AE5EEE79-2E3C-4F10-883B-CFF83C8DCB2C} = {0FF2C990-3B4A-4DAF-AF97-9E80BE0D0306}
		{499976C8-A871-00E7-8662-CE86916F7D07} = {827E0CD3-B72D-47B6-A68D-7590B98EB39B}
		{A2E7EB6D-D441-4C30-856A-7C18F3AC6BF7} = {499976C8-A871-00E7-8662-CE86916F7D07}
		{5347F8A9-0FBD-42F6-A448-755E3E47C037} = {499976C8-A871-00E7-8662-CE86916F7D07}
		{0206EBA2-6477-4BD3-A9DC-C6C8357021CB} = {EA89A285-42BD-C54A-D203-47C040906023}
		{3FEFCA64-4F74-45BB-899F-ADCF8FCBD24B} = {37C4E826-A03A-E182-5C88-B2E6CB82960B}
	EndGlobalSection
	GlobalSection(ExtensibilityGlobals) = postSolution
		SolutionGuid = {C5A5C894-3C5D-47CB-88A3-58CA8486A75D}
	EndGlobalSection
EndGlobal
